
Microsoft Visual Studio Solution File, Format Version 12.00
# Visual Studio Version 17
VisualStudioVersion = 17.8.34511.84
MinimumVisualStudioVersion = 10.0.40219.1
Project("{FAE04EC0-301F-11D3-BF4B-00C04F79EFBC}") = "BankoCheater", "BankoCheater.csproj", "{DBEEE684-66A1-4F09-BB9F-54642184CDFE}"
EndProject
Global
	GlobalSection(SolutionConfigurationPlatforms) = preSolution
		Debug|Any CPU = Debug|Any CPU
		Release|Any CPU = Release|Any CPU
	EndGlobalSection
	GlobalSection(ProjectConfigurationPlatforms) = postSolution
		{DBEEE684-66A1-4F09-BB9F-54642184CDFE}.Debug|Any CPU.ActiveCfg = Debug|Any CPU
		{DBEEE684-66A1-4F09-BB9F-54642184CDFE}.Debug|Any CPU.Build.0 = Debug|Any CPU
		{DBEEE684-66A1-4F09-BB9F-54642184CDFE}.Release|Any CPU.ActiveCfg = Release|Any CPU
		{DBEEE684-66A1-4F09-BB9F-54642184CDFE}.Release|Any CPU.Build.0 = Release|Any CPU
	EndGlobalSection
	GlobalSection(SolutionProperties) = preSolution
		HideSolutionNode = FALSE
	EndGlobalSection
	GlobalSection(ExtensibilityGlobals) = postSolution
		SolutionGuid = {C0383AAF-C43F-498B-880E-14D5AED035D7}
	EndGlobalSection
EndGlobal
